# This file is automatically @generated by Cargo.
# It is not intended for manual editing.
version = 3

[[package]]
name = "compile-time-lua-bind-hash"
version = "1.1.1"
source = "registry+https://github.com/rust-lang/crates.io-index"
checksum = "660bcccd4aaa4836cb685952d9ea4fb2b57d2565f4fd0c492fce4d2c0a1be0c0"
dependencies = [
 "lua_bind_hash",
 "quote",
 "syn",
]

[[package]]
name = "itoa"
version = "1.0.3"
source = "registry+https://github.com/rust-lang/crates.io-index"
checksum = "6c8af84674fe1f223a982c933a0ee1086ac4d4052aa0fb8060c12c6ad838e754"

[[package]]
name = "lazy_static"
version = "1.4.0"
source = "registry+https://github.com/rust-lang/crates.io-index"
checksum = "e2abad23fbc42b3700f2f279844dc832adb2b2eb069b2df918f455c4e18cc646"

[[package]]
name = "libc-nnsdk"
version = "0.0.1"
source = "git+https://github.com/ultimate-research/libc-nnsdk.git#98c11e074317f2b45b6387840ff3c391275f4ad5"

[[package]]
name = "libultimate-plugin"
version = "0.1.0"
dependencies = [
 "once_cell",
 "serde",
 "serde_json",
 "skyline",
 "skyline_smash",
]

[[package]]
name = "lua_bind_hash"
version = "1.0.1"
source = "registry+https://github.com/rust-lang/crates.io-index"
checksum = "ee9675fd198b39d86a7d5d20c59ae9639a3b4157f28ebd6cc09b9f1397ab118a"

[[package]]
name = "nnsdk"
version = "0.1.0"
source = "git+https://github.com/ultimate-research/nnsdk-rs.git#c9b66a3423d86ead992370ed598edb434564dd6d"
dependencies = [
 "libc-nnsdk",
]

[[package]]
name = "once_cell"
version = "1.13.0"
source = "registry+https://github.com/rust-lang/crates.io-index"
checksum = "18a6dbe30758c9f83eb00cbea4ac95966305f5a7772f3f42ebfc7fc7eddbd8e1"

[[package]]
name = "paste"
version = "1.0.8"
source = "registry+https://github.com/rust-lang/crates.io-index"
checksum = "9423e2b32f7a043629287a536f21951e8c6a82482d0acb1eeebfc90bc2225b22"

[[package]]
name = "proc-macro2"
version = "1.0.43"
source = "registry+https://github.com/rust-lang/crates.io-index"
checksum = "0a2ca2c61bc9f3d74d2886294ab7b9853abd9c1ad903a3ac7815c58989bb7bab"
dependencies = [
 "unicode-ident",
]

[[package]]
name = "quote"
version = "1.0.21"
source = "registry+https://github.com/rust-lang/crates.io-index"
checksum = "bbe448f377a7d6961e30f5955f9b8d106c3f5e449d493ee1b125c1d43c2b5179"
dependencies = [
 "proc-macro2",
]

[[package]]
name = "ryu"
version = "1.0.11"
source = "registry+https://github.com/rust-lang/crates.io-index"
checksum = "4501abdff3ae82a1c1b477a17252eb69cee9e66eb915c1abaa4f44d873df9f09"

[[package]]
name = "serde"
version = "1.0.143"
source = "registry+https://github.com/rust-lang/crates.io-index"
checksum = "53e8e5d5b70924f74ff5c6d64d9a5acd91422117c60f48c4e07855238a254553"
dependencies = [
 "serde_derive",
]

[[package]]
name = "serde_derive"
version = "1.0.143"
source = "registry+https://github.com/rust-lang/crates.io-index"
checksum = "d3d8e8de557aee63c26b85b947f5e59b690d0454c753f3adeb5cd7835ab88391"
dependencies = [
 "proc-macro2",
 "quote",
 "syn",
]

[[package]]
name = "serde_json"
version = "1.0.83"
source = "registry+https://github.com/rust-lang/crates.io-index"
checksum = "38dd04e3c8279e75b31ef29dbdceebfe5ad89f4d0937213c53f7d49d01b3d5a7"
dependencies = [
 "itoa",
 "ryu",
 "serde",
]

[[package]]
name = "skyline"
version = "0.1.0"
source = "git+https://github.com/ultimate-research/skyline-rs.git#12920d76ac3f014a3f879595e5b35a895ce2fb10"
dependencies = [
 "libc-nnsdk",
 "nnsdk",
 "skyline_macro",
]

[[package]]
name = "skyline_macro"
version = "0.1.0"
source = "git+https://github.com/ultimate-research/skyline-rs.git#12920d76ac3f014a3f879595e5b35a895ce2fb10"
dependencies = [
 "lazy_static",
 "proc-macro2",
 "quote",
 "syn",
]

[[package]]
name = "skyline_smash"
version = "0.1.0"
source = "git+https://github.com/ultimate-research/skyline-smash.git#6e151b023b41c4efd5986b6b2182c2f50d8af275"
dependencies = [
 "compile-time-lua-bind-hash",
 "lazy_static",
 "libc-nnsdk",
 "nnsdk",
 "paste",
 "skyline",
]

[[package]]
name = "syn"
version = "1.0.99"
source = "registry+https://github.com/rust-lang/crates.io-index"
checksum = "58dbef6ec655055e20b86b15a8cc6d439cca19b667537ac6a1369572d151ab13"
dependencies = [
 "proc-macro2",
 "quote",
 "unicode-ident",
]

[[package]]
name = "unicode-ident"
version = "1.0.3"
source = "registry+https://github.com/rust-lang/crates.io-index"
checksum = "c4f5b37a154999a8f3f98cc23a628d850e154479cd94decf3414696e12e31aaf"
